{
  "originHash" : "d84e3856bb7f70982a9430d07414ec741af47418ccacd0c9f550e7d2b8eedd2d",
  "pins" : [
    {
      "identity" : "swiftui-cached-async-image",
      "kind" : "remoteSourceControl",
      "location" : "https://github.com/lorenzofiamingo/swiftui-cached-async-image",
      "state" : {
        "revision" : "58d9324354f8b321f0aad906f0abdaa4ded9243f",
        "version" : "1.11.0"
      }
    }
  ],
  "version" : 3
}
